
Microsoft Visual Studio Solution File, Format Version 12.00
# Visual Studio Version 16
VisualStudioVersion = 16.0.31019.35
MinimumVisualStudioVersion = 10.0.40219.1
Project("{FAE04EC0-301F-11D3-BF4B-00C04F79EFBC}") = "Maximize Distance to Closest Person", "Maximize Distance to Closest Person\Maximize Distance to Closest Person.csproj", "{16914377-8ECC-43A4-B50B-A9187F1B1807}"
EndProject
Global
	GlobalSection(SolutionConfigurationPlatforms) = preSolution
		Debug|Any CPU = Debug|Any CPU
		Release|Any CPU = Release|Any CPU
	EndGlobalSection
	GlobalSection(ProjectConfigurationPlatforms) = postSolution
		{16914377-8ECC-43A4-B50B-A9187F1B1807}.Debug|Any CPU.ActiveCfg = Debug|Any CPU
		{16914377-8ECC-43A4-B50B-A9187F1B1807}.Debug|Any CPU.Build.0 = Debug|Any CPU
		{16914377-8ECC-43A4-B50B-A9187F1B1807}.Release|Any CPU.ActiveCfg = Release|Any CPU
		{16914377-8ECC-43A4-B50B-A9187F1B1807}.Release|Any CPU.Build.0 = Release|Any CPU
	EndGlobalSection
	GlobalSection(SolutionProperties) = preSolution
		HideSolutionNode = FALSE
	EndGlobalSection
	GlobalSection(ExtensibilityGlobals) = postSolution
		SolutionGuid = {6CDD543E-8884-4950-A209-6C23BC9FB090}
	EndGlobalSection
EndGlobal
